
Microsoft Visual Studio Solution File, Format Version 12.00
# Visual Studio Version 17
VisualStudioVersion = 17.9.34714.143
MinimumVisualStudioVersion = 10.0.40219.1
Project("{9A19103F-16F7-4668-BE54-9A1E7A4F7556}") = "LibraryBookApp.Tests", "LibraryBookApp.Tests.csproj", "{CCA38CEF-5B43-4CE2-974B-51E05C8A3BD3}"
EndProject
Global
	GlobalSection(SolutionConfigurationPlatforms) = preSolution
		Debug|Any CPU = Debug|Any CPU
		Release|Any CPU = Release|Any CPU
	EndGlobalSection
	GlobalSection(ProjectConfigurationPlatforms) = postSolution
		{CCA38CEF-5B43-4CE2-974B-51E05C8A3BD3}.Debug|Any CPU.ActiveCfg = Debug|Any CPU
		{CCA38CEF-5B43-4CE2-974B-51E05C8A3BD3}.Debug|Any CPU.Build.0 = Debug|Any CPU
		{CCA38CEF-5B43-4CE2-974B-51E05C8A3BD3}.Release|Any CPU.ActiveCfg = Release|Any CPU
		{CCA38CEF-5B43-4CE2-974B-51E05C8A3BD3}.Release|Any CPU.Build.0 = Release|Any CPU
	EndGlobalSection
	GlobalSection(SolutionProperties) = preSolution
		HideSolutionNode = FALSE
	EndGlobalSection
	GlobalSection(ExtensibilityGlobals) = postSolution
		SolutionGuid = {FCB2DD5C-C5C0-4CBB-9A98-2168EA69B7FE}
	EndGlobalSection
EndGlobal
